
Microsoft Visual Studio Solution File, Format Version 12.00
# Visual Studio Version 17
VisualStudioVersion = 17.5.002.0
MinimumVisualStudioVersion = 10.0.40219.1
Project("{9A19103F-16F7-4668-BE54-9A1E7A4F7556}") = "WebAppFinalProject", "WebAppFinalProject.csproj", "{CCAF2797-6BF5-4188-A4AE-EFCEF912909F}"
EndProject
Global
	GlobalSection(SolutionConfigurationPlatforms) = preSolution
		Debug|Any CPU = Debug|Any CPU
		Release|Any CPU = Release|Any CPU
	EndGlobalSection
	GlobalSection(ProjectConfigurationPlatforms) = postSolution
		{CCAF2797-6BF5-4188-A4AE-EFCEF912909F}.Debug|Any CPU.ActiveCfg = Debug|Any CPU
		{CCAF2797-6BF5-4188-A4AE-EFCEF912909F}.Debug|Any CPU.Build.0 = Debug|Any CPU
		{CCAF2797-6BF5-4188-A4AE-EFCEF912909F}.Release|Any CPU.ActiveCfg = Release|Any CPU
		{CCAF2797-6BF5-4188-A4AE-EFCEF912909F}.Release|Any CPU.Build.0 = Release|Any CPU
	EndGlobalSection
	GlobalSection(SolutionProperties) = preSolution
		HideSolutionNode = FALSE
	EndGlobalSection
	GlobalSection(ExtensibilityGlobals) = postSolution
		SolutionGuid = {F3F66A3C-2DE5-4B32-AE57-7249D2CFB521}
	EndGlobalSection
EndGlobal
